
Microsoft Visual Studio Solution File, Format Version 12.00
# Visual Studio Version 16
VisualStudioVersion = 16.0.30611.23
MinimumVisualStudioVersion = 10.0.40219.1
Project("{FAE04EC0-301F-11D3-BF4B-00C04F79EFBC}") = "WpfApp1", "WpfApp1\WpfApp1.csproj", "{DAB7E506-C38A-4862-8C30-944EA5345625}"
	ProjectSection(ProjectDependencies) = postProject
		{7B62BF28-DA4E-44AC-B4BC-6C7FD09773E6} = {7B62BF28-DA4E-44AC-B4BC-6C7FD09773E6}
	EndProjectSection
EndProject
Project("{8BC9CEB8-8B4A-11D0-8D11-00A0C91BC942}") = "WGLGraphics", "WGLGraphics\WGLGraphics.vcxproj", "{F7D9B87A-716F-488B-B9D4-5F9BA9331EE1}"
EndProject
Project("{8BC9CEB8-8B4A-11D0-8D11-00A0C91BC942}") = "WGLContext", "WGLContext\WGLContext.vcxproj", "{7B62BF28-DA4E-44AC-B4BC-6C7FD09773E6}"
EndProject
Project("{8BC9CEB8-8B4A-11D0-8D11-00A0C91BC942}") = "dxgl", "dxgl\dxgl.vcxproj", "{A3F53BF0-7114-4B84-962A-CC5556C61520}"
EndProject
Project("{2150E333-8FDC-42A3-9474-1A3956D46DE8}") = "test", "test", "{A48DD224-061D-40E0-8A10-36280126F20D}"
EndProject
Project("{FAE04EC0-301F-11D3-BF4B-00C04F79EFBC}") = "D3DImageSample", "D3DImageSample\D3DImageSample.csproj", "{C8281332-29FF-434A-9233-E1A51D767853}"
EndProject
Project("{2150E333-8FDC-42A3-9474-1A3956D46DE8}") = "copypixel", "copypixel", "{745D9492-4444-4578-8515-562FAE041E1A}"
EndProject
Project("{2150E333-8FDC-42A3-9474-1A3956D46DE8}") = "d3dimage", "d3dimage", "{4C61996B-EF21-4A91-84BF-D4D384EC1A3A}"
EndProject
Project("{8BC9CEB8-8B4A-11D0-8D11-00A0C91BC942}") = "DXControl", "DXControl\DXControl.vcxproj", "{36B70B58-4877-40C5-8A93-4F2F18AD65F8}"
EndProject
Project("{8BC9CEB8-8B4A-11D0-8D11-00A0C91BC942}") = "DX9Test", "DX9Test\DX9Test.vcxproj", "{CB69799D-2A8F-4337-9DB5-29FF766DD9C3}"
EndProject
Global
	GlobalSection(SolutionConfigurationPlatforms) = preSolution
		Debug|Any CPU = Debug|Any CPU
		Debug|x64 = Debug|x64
		Debug|x86 = Debug|x86
		Release|Any CPU = Release|Any CPU
		Release|x64 = Release|x64
		Release|x86 = Release|x86
	EndGlobalSection
	GlobalSection(ProjectConfigurationPlatforms) = postSolution
		{DAB7E506-C38A-4862-8C30-944EA5345625}.Debug|Any CPU.ActiveCfg = Debug|Any CPU
		{DAB7E506-C38A-4862-8C30-944EA5345625}.Debug|Any CPU.Build.0 = Debug|Any CPU
		{DAB7E506-C38A-4862-8C30-944EA5345625}.Debug|x64.ActiveCfg = Debug|Any CPU
		{DAB7E506-C38A-4862-8C30-944EA5345625}.Debug|x64.Build.0 = Debug|Any CPU
		{DAB7E506-C38A-4862-8C30-944EA5345625}.Debug|x86.ActiveCfg = Debug|Any CPU
		{DAB7E506-C38A-4862-8C30-944EA5345625}.Debug|x86.Build.0 = Debug|Any CPU
		{DAB7E506-C38A-4862-8C30-944EA5345625}.Release|Any CPU.ActiveCfg = Release|Any CPU
		{DAB7E506-C38A-4862-8C30-944EA5345625}.Release|Any CPU.Build.0 = Release|Any CPU
		{DAB7E506-C38A-4862-8C30-944EA5345625}.Release|x64.ActiveCfg = Release|Any CPU
		{DAB7E506-C38A-4862-8C30-944EA5345625}.Release|x64.Build.0 = Release|Any CPU
		{DAB7E506-C38A-4862-8C30-944EA5345625}.Release|x86.ActiveCfg = Release|Any CPU
		{DAB7E506-C38A-4862-8C30-944EA5345625}.Release|x86.Build.0 = Release|Any CPU
		{F7D9B87A-716F-488B-B9D4-5F9BA9331EE1}.Debug|Any CPU.ActiveCfg = Debug|Win32
		{F7D9B87A-716F-488B-B9D4-5F9BA9331EE1}.Debug|Any CPU.Build.0 = Debug|Win32
		{F7D9B87A-716F-488B-B9D4-5F9BA9331EE1}.Debug|x64.ActiveCfg = Debug|x64
		{F7D9B87A-716F-488B-B9D4-5F9BA9331EE1}.Debug|x64.Build.0 = Debug|x64
		{F7D9B87A-716F-488B-B9D4-5F9BA9331EE1}.Debug|x86.ActiveCfg = Debug|Win32
		{F7D9B87A-716F-488B-B9D4-5F9BA9331EE1}.Debug|x86.Build.0 = Debug|Win32
		{F7D9B87A-716F-488B-B9D4-5F9BA9331EE1}.Release|Any CPU.ActiveCfg = Release|Win32
		{F7D9B87A-716F-488B-B9D4-5F9BA9331EE1}.Release|Any CPU.Build.0 = Release|Win32
		{F7D9B87A-716F-488B-B9D4-5F9BA9331EE1}.Release|x64.ActiveCfg = Release|x64
		{F7D9B87A-716F-488B-B9D4-5F9BA9331EE1}.Release|x64.Build.0 = Release|x64
		{F7D9B87A-716F-488B-B9D4-5F9BA9331EE1}.Release|x86.ActiveCfg = Release|Win32
		{F7D9B87A-716F-488B-B9D4-5F9BA9331EE1}.Release|x86.Build.0 = Release|Win32
		{7B62BF28-DA4E-44AC-B4BC-6C7FD09773E6}.Debug|Any CPU.ActiveCfg = Debug|Win32
		{7B62BF28-DA4E-44AC-B4BC-6C7FD09773E6}.Debug|Any CPU.Build.0 = Debug|Win32
		{7B62BF28-DA4E-44AC-B4BC-6C7FD09773E6}.Debug|x64.ActiveCfg = Debug|x64
		{7B62BF28-DA4E-44AC-B4BC-6C7FD09773E6}.Debug|x64.Build.0 = Debug|x64
		{7B62BF28-DA4E-44AC-B4BC-6C7FD09773E6}.Debug|x86.ActiveCfg = Debug|Win32
		{7B62BF28-DA4E-44AC-B4BC-6C7FD09773E6}.Debug|x86.Build.0 = Debug|Win32
		{7B62BF28-DA4E-44AC-B4BC-6C7FD09773E6}.Release|Any CPU.ActiveCfg = Release|Win32
		{7B62BF28-DA4E-44AC-B4BC-6C7FD09773E6}.Release|Any CPU.Build.0 = Release|Win32
		{7B62BF28-DA4E-44AC-B4BC-6C7FD09773E6}.Release|x64.ActiveCfg = Release|x64
		{7B62BF28-DA4E-44AC-B4BC-6C7FD09773E6}.Release|x64.Build.0 = Release|x64
		{7B62BF28-DA4E-44AC-B4BC-6C7FD09773E6}.Release|x86.ActiveCfg = Release|Win32
		{7B62BF28-DA4E-44AC-B4BC-6C7FD09773E6}.Release|x86.Build.0 = Release|Win32
		{A3F53BF0-7114-4B84-962A-CC5556C61520}.Debug|Any CPU.ActiveCfg = Debug|Win32
		{A3F53BF0-7114-4B84-962A-CC5556C61520}.Debug|Any CPU.Build.0 = Debug|Win32
		{A3F53BF0-7114-4B84-962A-CC5556C61520}.Debug|x64.ActiveCfg = Debug|x64
		{A3F53BF0-7114-4B84-962A-CC5556C61520}.Debug|x64.Build.0 = Debug|x64
		{A3F53BF0-7114-4B84-962A-CC5556C61520}.Debug|x86.ActiveCfg = Debug|Win32
		{A3F53BF0-7114-4B84-962A-CC5556C61520}.Debug|x86.Build.0 = Debug|Win32
		{A3F53BF0-7114-4B84-962A-CC5556C61520}.Release|Any CPU.ActiveCfg = Release|Win32
		{A3F53BF0-7114-4B84-962A-CC5556C61520}.Release|Any CPU.Build.0 = Release|Win32
		{A3F53BF0-7114-4B84-962A-CC5556C61520}.Release|x64.ActiveCfg = Release|x64
		{A3F53BF0-7114-4B84-962A-CC5556C61520}.Release|x64.Build.0 = Release|x64
		{A3F53BF0-7114-4B84-962A-CC5556C61520}.Release|x86.ActiveCfg = Release|Win32
		{A3F53BF0-7114-4B84-962A-CC5556C61520}.Release|x86.Build.0 = Release|Win32
		{C8281332-29FF-434A-9233-E1A51D767853}.Debug|Any CPU.ActiveCfg = Debug|Any CPU
		{C8281332-29FF-434A-9233-E1A51D767853}.Debug|Any CPU.Build.0 = Debug|Any CPU
		{C8281332-29FF-434A-9233-E1A51D767853}.Debug|x64.ActiveCfg = Debug|Any CPU
		{C8281332-29FF-434A-9233-E1A51D767853}.Debug|x64.Build.0 = Debug|Any CPU
		{C8281332-29FF-434A-9233-E1A51D767853}.Debug|x86.ActiveCfg = Debug|Any CPU
		{C8281332-29FF-434A-9233-E1A51D767853}.Debug|x86.Build.0 = Debug|Any CPU
		{C8281332-29FF-434A-9233-E1A51D767853}.Release|Any CPU.ActiveCfg = Release|Any CPU
		{C8281332-29FF-434A-9233-E1A51D767853}.Release|Any CPU.Build.0 = Release|Any CPU
		{C8281332-29FF-434A-9233-E1A51D767853}.Release|x64.ActiveCfg = Release|Any CPU
		{C8281332-29FF-434A-9233-E1A51D767853}.Release|x64.Build.0 = Release|Any CPU
		{C8281332-29FF-434A-9233-E1A51D767853}.Release|x86.ActiveCfg = Release|Any CPU
		{C8281332-29FF-434A-9233-E1A51D767853}.Release|x86.Build.0 = Release|Any CPU
		{36B70B58-4877-40C5-8A93-4F2F18AD65F8}.Debug|Any CPU.ActiveCfg = Debug|Win32
		{36B70B58-4877-40C5-8A93-4F2F18AD65F8}.Debug|Any CPU.Build.0 = Debug|Win32
		{36B70B58-4877-40C5-8A93-4F2F18AD65F8}.Debug|x64.ActiveCfg = Debug|x64
		{36B70B58-4877-40C5-8A93-4F2F18AD65F8}.Debug|x64.Build.0 = Debug|x64
		{36B70B58-4877-40C5-8A93-4F2F18AD65F8}.Debug|x86.ActiveCfg = Debug|Win32
		{36B70B58-4877-40C5-8A93-4F2F18AD65F8}.Debug|x86.Build.0 = Debug|Win32
		{36B70B58-4877-40C5-8A93-4F2F18AD65F8}.Release|Any CPU.ActiveCfg = Release|Win32
		{36B70B58-4877-40C5-8A93-4F2F18AD65F8}.Release|x64.ActiveCfg = Release|x64
		{36B70B58-4877-40C5-8A93-4F2F18AD65F8}.Release|x64.Build.0 = Release|x64
		{36B70B58-4877-40C5-8A93-4F2F18AD65F8}.Release|x86.ActiveCfg = Release|Win32
		{36B70B58-4877-40C5-8A93-4F2F18AD65F8}.Release|x86.Build.0 = Release|Win32
		{CB69799D-2A8F-4337-9DB5-29FF766DD9C3}.Debug|Any CPU.ActiveCfg = Debug|Win32
		{CB69799D-2A8F-4337-9DB5-29FF766DD9C3}.Debug|Any CPU.Build.0 = Debug|Win32
		{CB69799D-2A8F-4337-9DB5-29FF766DD9C3}.Debug|x64.ActiveCfg = Debug|x64
		{CB69799D-2A8F-4337-9DB5-29FF766DD9C3}.Debug|x64.Build.0 = Debug|x64
		{CB69799D-2A8F-4337-9DB5-29FF766DD9C3}.Debug|x86.ActiveCfg = Debug|Win32
		{CB69799D-2A8F-4337-9DB5-29FF766DD9C3}.Debug|x86.Build.0 = Debug|Win32
		{CB69799D-2A8F-4337-9DB5-29FF766DD9C3}.Release|Any CPU.ActiveCfg = Release|Win32
		{CB69799D-2A8F-4337-9DB5-29FF766DD9C3}.Release|x64.ActiveCfg = Release|x64
		{CB69799D-2A8F-4337-9DB5-29FF766DD9C3}.Release|x64.Build.0 = Release|x64
		{CB69799D-2A8F-4337-9DB5-29FF766DD9C3}.Release|x86.ActiveCfg = Release|Win32
		{CB69799D-2A8F-4337-9DB5-29FF766DD9C3}.Release|x86.Build.0 = Release|Win32
	EndGlobalSection
	GlobalSection(SolutionProperties) = preSolution
		HideSolutionNode = FALSE
	EndGlobalSection
	GlobalSection(NestedProjects) = preSolution
		{DAB7E506-C38A-4862-8C30-944EA5345625} = {745D9492-4444-4578-8515-562FAE041E1A}
		{F7D9B87A-716F-488B-B9D4-5F9BA9331EE1} = {745D9492-4444-4578-8515-562FAE041E1A}
		{A3F53BF0-7114-4B84-962A-CC5556C61520} = {A48DD224-061D-40E0-8A10-36280126F20D}
		{C8281332-29FF-434A-9233-E1A51D767853} = {A48DD224-061D-40E0-8A10-36280126F20D}
		{36B70B58-4877-40C5-8A93-4F2F18AD65F8} = {4C61996B-EF21-4A91-84BF-D4D384EC1A3A}
		{CB69799D-2A8F-4337-9DB5-29FF766DD9C3} = {A48DD224-061D-40E0-8A10-36280126F20D}
	EndGlobalSection
	GlobalSection(ExtensibilityGlobals) = postSolution
		SolutionGuid = {E4971FCD-DFD1-4051-BD34-23B6B7FF91E8}
	EndGlobalSection
EndGlobal
